
Microsoft Visual Studio Solution File, Format Version 12.00
# Visual Studio Version 16
VisualStudioVersion = 16.0.29424.173
MinimumVisualStudioVersion = 10.0.40219.1
Project("{FAE04EC0-301F-11D3-BF4B-00C04F79EFBC}") = "MiniMarket", "MiniMarket\MiniMarket.csproj", "{AA56C71C-0C8F-4A1D-B116-996EFE37C276}"
EndProject
Project("{FAE04EC0-301F-11D3-BF4B-00C04F79EFBC}") = "MiniMarket.Tests", "MiniMarket.Tests\MiniMarket.Tests.csproj", "{87A16ACC-94E2-4619-ADCC-0FF2C7FED594}"
EndProject
Global
	GlobalSection(SolutionConfigurationPlatforms) = preSolution
		Debug|Any CPU = Debug|Any CPU
		Debug|x64 = Debug|x64
		Debug|x86 = Debug|x86
		Release|Any CPU = Release|Any CPU
		Release|x64 = Release|x64
		Release|x86 = Release|x86
	EndGlobalSection
	GlobalSection(ProjectConfigurationPlatforms) = postSolution
		{AA56C71C-0C8F-4A1D-B116-996EFE37C276}.Debug|Any CPU.ActiveCfg = Debug|Any CPU
		{AA56C71C-0C8F-4A1D-B116-996EFE37C276}.Debug|Any CPU.Build.0 = Debug|Any CPU
		{AA56C71C-0C8F-4A1D-B116-996EFE37C276}.Debug|x64.ActiveCfg = Debug|Any CPU
		{AA56C71C-0C8F-4A1D-B116-996EFE37C276}.Debug|x64.Build.0 = Debug|Any CPU
		{AA56C71C-0C8F-4A1D-B116-996EFE37C276}.Debug|x86.ActiveCfg = Debug|Any CPU
		{AA56C71C-0C8F-4A1D-B116-996EFE37C276}.Debug|x86.Build.0 = Debug|Any CPU
		{AA56C71C-0C8F-4A1D-B116-996EFE37C276}.Release|Any CPU.ActiveCfg = Release|Any CPU
		{AA56C71C-0C8F-4A1D-B116-996EFE37C276}.Release|Any CPU.Build.0 = Release|Any CPU
		{AA56C71C-0C8F-4A1D-B116-996EFE37C276}.Release|x64.ActiveCfg = Release|Any CPU
		{AA56C71C-0C8F-4A1D-B116-996EFE37C276}.Release|x64.Build.0 = Release|Any CPU
		{AA56C71C-0C8F-4A1D-B116-996EFE37C276}.Release|x86.ActiveCfg = Release|Any CPU
		{AA56C71C-0C8F-4A1D-B116-996EFE37C276}.Release|x86.Build.0 = Release|Any CPU
		{87A16ACC-94E2-4619-ADCC-0FF2C7FED594}.Debug|Any CPU.ActiveCfg = Debug|Any CPU
		{87A16ACC-94E2-4619-ADCC-0FF2C7FED594}.Debug|Any CPU.Build.0 = Debug|Any CPU
		{87A16ACC-94E2-4619-ADCC-0FF2C7FED594}.Debug|x64.ActiveCfg = Debug|Any CPU
		{87A16ACC-94E2-4619-ADCC-0FF2C7FED594}.Debug|x64.Build.0 = Debug|Any CPU
		{87A16ACC-94E2-4619-ADCC-0FF2C7FED594}.Debug|x86.ActiveCfg = Debug|Any CPU
		{87A16ACC-94E2-4619-ADCC-0FF2C7FED594}.Debug|x86.Build.0 = Debug|Any CPU
		{87A16ACC-94E2-4619-ADCC-0FF2C7FED594}.Release|Any CPU.ActiveCfg = Release|Any CPU
		{87A16ACC-94E2-4619-ADCC-0FF2C7FED594}.Release|Any CPU.Build.0 = Release|Any CPU
		{87A16ACC-94E2-4619-ADCC-0FF2C7FED594}.Release|x64.ActiveCfg = Release|Any CPU
		{87A16ACC-94E2-4619-ADCC-0FF2C7FED594}.Release|x64.Build.0 = Release|Any CPU
		{87A16ACC-94E2-4619-ADCC-0FF2C7FED594}.Release|x86.ActiveCfg = Release|Any CPU
		{87A16ACC-94E2-4619-ADCC-0FF2C7FED594}.Release|x86.Build.0 = Release|Any CPU
	EndGlobalSection
	GlobalSection(SolutionProperties) = preSolution
		HideSolutionNode = FALSE
	EndGlobalSection
	GlobalSection(ExtensibilityGlobals) = postSolution
		SolutionGuid = {8706A3C2-C911-49FF-A455-F0C466036133}
	EndGlobalSection
EndGlobal
